{
  "version": 4,
  "terraform_version": "1.12.2",
  "serial": 2,
  "lineage": "0b30ac9a-a64a-9252-1a91-2a174c32b407",
  "outputs": {
    "health_check_ids": {
      "value": {
        "app1": "31386e79-3fcb-44c6-9057-64397b608011",
        "app2": "9c0e1b76-2b0e-4339-b44e-248ed9be697f"
      },
      "type": [
        "object",
        {
          "app1": "string",
          "app2": "string"
        }
      ]
    }
  },
  "resources": [
    {
      "module": "module.route53_health_checks[\"app1\"]",
      "mode": "managed",
      "type": "aws_route53_health_check",
      "name": "this",
      "provider": "provider[\"registry.terraform.io/hashicorp/aws\"]",
      "instances": [
        {
          "schema_version": 0,
          "attributes": {
            "arn": "arn:aws:route53:::healthcheck/31386e79-3fcb-44c6-9057-64397b608011",
            "child_health_threshold": 0,
            "child_healthchecks": null,
            "cloudwatch_alarm_name": null,
            "cloudwatch_alarm_region": null,
            "disabled": false,
            "enable_sni": false,
            "failure_threshold": 3,
            "fqdn": "app1.example.com",
            "id": "31386e79-3fcb-44c6-9057-64397b608011",
            "insufficient_data_health_status": "",
            "invert_healthcheck": false,
            "ip_address": "",
            "measure_latency": false,
            "port": 80,
            "reference_name": null,
            "regions": null,
            "request_interval": 30,
            "resource_path": "/",
            "routing_control_arn": "",
            "search_string": "",
            "tags": {
              "Environment": "dev",
              "Name": "tacbot-route53-healthchecks",
              "Owner": "chaithu",
              "Project": "tacbot"
            },
            "tags_all": {
              "Environment": "dev",
              "Name": "tacbot-route53-healthchecks",
              "Owner": "chaithu",
              "Project": "tacbot"
            },
            "triggers": {},
            "type": "HTTP"
          },
          "sensitive_attributes": [],
          "identity_schema_version": 0,
          "private": "bnVsbA=="
        }
      ]
    },
    {
      "module": "module.route53_health_checks[\"app2\"]",
      "mode": "managed",
      "type": "aws_route53_health_check",
      "name": "this",
      "provider": "provider[\"registry.terraform.io/hashicorp/aws\"]",
      "instances": [
        {
          "schema_version": 0,
          "attributes": {
            "arn": "arn:aws:route53:::healthcheck/9c0e1b76-2b0e-4339-b44e-248ed9be697f",
            "child_health_threshold": 0,
            "child_healthchecks": null,
            "cloudwatch_alarm_name": null,
            "cloudwatch_alarm_region": null,
            "disabled": false,
            "enable_sni": true,
            "failure_threshold": 2,
            "fqdn": "app2.example.com",
            "id": "9c0e1b76-2b0e-4339-b44e-248ed9be697f",
            "insufficient_data_health_status": "",
            "invert_healthcheck": false,
            "ip_address": "",
            "measure_latency": false,
            "port": 443,
            "reference_name": null,
            "regions": null,
            "request_interval": 30,
            "resource_path": "/health",
            "routing_control_arn": "",
            "search_string": "",
            "tags": {
              "Environment": "dev",
              "Name": "tacbot-route53-healthchecks",
              "Owner": "chaithu",
              "Project": "tacbot"
            },
            "tags_all": {
              "Environment": "dev",
              "Name": "tacbot-route53-healthchecks",
              "Owner": "chaithu",
              "Project": "tacbot"
            },
            "triggers": {},
            "type": "HTTPS"
          },
          "sensitive_attributes": [],
          "identity_schema_version": 0,
          "private": "bnVsbA=="
        }
      ]
    }
  ],
  "check_results": null
}
