{
  "version": 4,
  "terraform_version": "1.12.2",
  "serial": 6,
  "lineage": "09594e71-390c-791a-d3c1-b5f866828a92",
  "outputs": {
    "ecr_repository_name": {
      "value": "repo_name",
      "type": "string"
    },
    "ecr_repository_url": {
      "value": "992382670521.dkr.ecr.ap-south-1.amazonaws.com/repo_name",
      "type": "string"
    }
  },
  "resources": [
    {
      "module": "module.ecr",
      "mode": "managed",
      "type": "aws_ecr_lifecycle_policy",
      "name": "this",
      "provider": "provider[\"registry.terraform.io/hashicorp/aws\"]",
      "instances": [
        {
          "index_key": 0,
          "schema_version": 0,
          "attributes": {
            "id": "repo_name",
            "policy": "{\"rules\":[{\"action\":{\"type\":\"expire\"},\"description\":\"Expire untagged images after 1 year\",\"rulePriority\":1,\"selection\":{\"countNumber\":365,\"countType\":\"sinceImagePushed\",\"countUnit\":\"days\",\"tagStatus\":\"untagged\"}}]}",
            "region": "ap-south-1",
            "registry_id": "992382670521",
            "repository": "repo_name"
          },
          "sensitive_attributes": [],
          "identity_schema_version": 0,
          "private": "bnVsbA==",
          "dependencies": [
            "module.ecr.aws_ecr_repository.this"
          ]
        }
      ]
    },
    {
      "module": "module.ecr",
      "mode": "managed",
      "type": "aws_ecr_repository",
      "name": "this",
      "provider": "provider[\"registry.terraform.io/hashicorp/aws\"]",
      "instances": [
        {
          "schema_version": 0,
          "attributes": {
            "arn": "arn:aws:ecr:ap-south-1:992382670521:repository/repo_name",
            "encryption_configuration": [
              {
                "encryption_type": "KMS",
                "kms_key": "arn:aws:kms:ap-south-1:992382670521:key/222dc8bc-105d-4e03-8001-dcca68a438e5"
              }
            ],
            "force_delete": null,
            "id": "repo_name",
            "image_scanning_configuration": [
              {
                "scan_on_push": false
              }
            ],
            "image_tag_mutability": "MUTABLE",
            "name": "repo_name",
            "region": "ap-south-1",
            "registry_id": "992382670521",
            "repository_url": "992382670521.dkr.ecr.ap-south-1.amazonaws.com/repo_name",
            "tags": {
              "Environment": "dev",
              "Name": "tacbot-kms",
              "Owner": "chaithu",
              "Project": "tacbot"
            },
            "tags_all": {
              "Environment": "dev",
              "Name": "tacbot-kms",
              "Owner": "chaithu",
              "Project": "tacbot"
            },
            "timeouts": null
          },
          "sensitive_attributes": [],
          "identity_schema_version": 0,
          "private": "eyJlMmJmYjczMC1lY2FhLTExZTYtOGY4OC0zNDM2M2JjN2M0YzAiOnsiZGVsZXRlIjoxMjAwMDAwMDAwMDAwfX0="
        }
      ]
    }
  ],
  "check_results": null
}
