{
  "version": 4,
  "terraform_version": "1.12.2",
  "serial": 15,
  "lineage": "e0948381-f404-2923-ade3-8af20f6b8efd",
  "outputs": {},
  "resources": [
    {
      "module": "module.secret",
      "mode": "managed",
      "type": "aws_secretsmanager_secret",
      "name": "secret",
      "provider": "provider[\"registry.terraform.io/hashicorp/aws\"]",
      "instances": [
        {
          "schema_version": 0,
          "attributes": {
            "arn": "arn:aws:secretsmanager:ap-south-1:992382670521:secret:myapp/credentials-v3-tDrDwb",
            "description": "login credential for prod app",
            "force_overwrite_replica_secret": false,
            "id": "arn:aws:secretsmanager:ap-south-1:992382670521:secret:myapp/credentials-v3-tDrDwb",
            "kms_key_id": "arn:aws:kms:ap-south-1:992382670521:key/222dc8bc-105d-4e03-8001-dcca68a438e5",
            "name": "myapp/credentials-v3",
            "name_prefix": "",
            "policy": "",
            "recovery_window_in_days": 30,
            "region": "ap-south-1",
            "replica": [],
            "tags": {
              "Environment": "dev",
              "Name": "tacbot-secret",
              "Owner": "chaithu",
              "Project": "tacbot"
            },
            "tags_all": {
              "Environment": "dev",
              "Name": "tacbot-secret",
              "Owner": "chaithu",
              "Project": "tacbot"
            }
          },
          "sensitive_attributes": [],
          "identity_schema_version": 0,
          "private": "bnVsbA=="
        }
      ]
    },
    {
      "module": "module.secret",
      "mode": "managed",
      "type": "aws_secretsmanager_secret_version",
      "name": "my_secret_version",
      "provider": "provider[\"registry.terraform.io/hashicorp/aws\"]",
      "instances": [
        {
          "schema_version": 0,
          "attributes": {
            "arn": "arn:aws:secretsmanager:ap-south-1:992382670521:secret:myapp/credentials-v3-tDrDwb",
            "has_secret_string_wo": null,
            "id": "arn:aws:secretsmanager:ap-south-1:992382670521:secret:myapp/credentials-v3-tDrDwb|terraform-20250731063658282200000002",
            "region": "ap-south-1",
            "secret_binary": "",
            "secret_id": "arn:aws:secretsmanager:ap-south-1:992382670521:secret:myapp/credentials-v3-tDrDwb",
            "secret_string": "{\"password\":\"supersecret123\",\"username\":\"admin\"}",
            "secret_string_wo": null,
            "secret_string_wo_version": null,
            "version_id": "terraform-20250731063658282200000002",
            "version_stages": [
              "AWSCURRENT"
            ]
          },
          "sensitive_attributes": [
            [
              {
                "type": "get_attr",
                "value": "secret_binary"
              }
            ],
            [
              {
                "type": "get_attr",
                "value": "secret_string"
              }
            ],
            [
              {
                "type": "get_attr",
                "value": "secret_string_wo"
              }
            ]
          ],
          "identity_schema_version": 0,
          "private": "bnVsbA==",
          "dependencies": [
            "module.secret.aws_secretsmanager_secret.secret"
          ]
        }
      ]
    }
  ],
  "check_results": null
}
