{
  "version": 4,
  "terraform_version": "1.12.2",
  "serial": 4,
  "lineage": "1f5b3598-1d79-3793-aee5-b953952f0620",
  "outputs": {
    "all_alarm_names": {
      "value": {
        "high_cpu_alarm": "HighCPUUtilization",
        "route53_health_check_alarm": "Route53-HealthCheck-Alarm"
      },
      "type": [
        "object",
        {
          "high_cpu_alarm": "string",
          "route53_health_check_alarm": "string"
        }
      ]
    }
  },
  "resources": [
    {
      "module": "module.cloudwatch_alarms",
      "mode": "managed",
      "type": "aws_cloudwatch_metric_alarm",
      "name": "alarm",
      "provider": "provider[\"registry.terraform.io/hashicorp/aws\"]",
      "instances": [
        {
          "index_key": "high_cpu_alarm",
          "schema_version": 1,
          "attributes": {
            "actions_enabled": true,
            "alarm_actions": [
              "arn:aws:sns:ap-south-1:992382670521:cloudwatch-alarm-topic"
            ],
            "alarm_description": "This alarm triggers when CPU is over 80%",
            "alarm_name": "HighCPUUtilization",
            "arn": "arn:aws:cloudwatch:ap-south-1:992382670521:alarm:HighCPUUtilization",
            "comparison_operator": "GreaterThanThreshold",
            "datapoints_to_alarm": 0,
            "dimensions": {
              "InstanceId": "give instance id"
            },
            "evaluate_low_sample_count_percentiles": "",
            "evaluation_periods": 2,
            "extended_statistic": "",
            "id": "HighCPUUtilization",
            "insufficient_data_actions": null,
            "metric_name": "CPUUtilization",
            "metric_query": [],
            "namespace": "AWS/EC2",
            "ok_actions": null,
            "period": 120,
            "region": "ap-south-1",
            "statistic": "Average",
            "tags": null,
            "tags_all": {},
            "threshold": 80,
            "threshold_metric_id": "",
            "treat_missing_data": "missing",
            "unit": ""
          },
          "sensitive_attributes": [],
          "identity_schema_version": 0,
          "private": "eyJzY2hlbWFfdmVyc2lvbiI6IjEifQ=="
        },
        {
          "index_key": "route53_health_check_alarm",
          "schema_version": 1,
          "attributes": {
            "actions_enabled": true,
            "alarm_actions": [
              "arn:aws:sns:ap-south-1:992382670521:cloudwatch-alarm-topic"
            ],
            "alarm_description": "Alarm when Route53 health check fails",
            "alarm_name": "Route53-HealthCheck-Alarm",
            "arn": "arn:aws:cloudwatch:ap-south-1:992382670521:alarm:Route53-HealthCheck-Alarm",
            "comparison_operator": "LessThanThreshold",
            "datapoints_to_alarm": 0,
            "dimensions": {
              "HealthCheckId": "31386e79-3fcb-44c6-9057-64397b608011"
            },
            "evaluate_low_sample_count_percentiles": "",
            "evaluation_periods": 2,
            "extended_statistic": "",
            "id": "Route53-HealthCheck-Alarm",
            "insufficient_data_actions": null,
            "metric_name": "HealthCheckStatus",
            "metric_query": [],
            "namespace": "AWS/Route53",
            "ok_actions": null,
            "period": 60,
            "region": "ap-south-1",
            "statistic": "Minimum",
            "tags": null,
            "tags_all": {},
            "threshold": 1,
            "threshold_metric_id": "",
            "treat_missing_data": "missing",
            "unit": ""
          },
          "sensitive_attributes": [],
          "identity_schema_version": 0,
          "private": "eyJzY2hlbWFfdmVyc2lvbiI6IjEifQ=="
        }
      ]
    }
  ],
  "check_results": null
}
