{
  "version": 4,
  "terraform_version": "1.12.2",
  "serial": 20,
  "lineage": "592a96c5-2316-9215-991e-ac9c006d2c83",
  "outputs": {
    "iam_role_arns": {
      "value": {
        "eks-role": "arn:aws:iam::992382670521:role/eks-role",
        "tacbot-role": "arn:aws:iam::992382670521:role/eks-oidc-role"
      },
      "type": [
        "object",
        {
          "eks-role": "string",
          "tacbot-role": "string"
        }
      ]
    },
    "iam_role_names": {
      "value": {
        "eks-role": "eks-role",
        "tacbot-role": "eks-oidc-role"
      },
      "type": [
        "object",
        {
          "eks-role": "string",
          "tacbot-role": "string"
        }
      ]
    }
  },
  "resources": [
    {
      "module": "module.iam_roles[\"eks-role\"]",
      "mode": "managed",
      "type": "aws_iam_role",
      "name": "this",
      "provider": "provider[\"registry.terraform.io/hashicorp/aws\"]",
      "instances": [
        {
          "schema_version": 0,
          "attributes": {
            "arn": "arn:aws:iam::992382670521:role/eks-role",
            "assume_role_policy": "{\"Statement\":[{\"Action\":\"sts:AssumeRoleWithWebIdentity\",\"Condition\":{\"StringEquals\":{\"oidc.eks.us-east-1.amazonaws.com/id/FD3865B3EC21DE7225BCC1DF1328C4CA:aud\":\"sts.amazonaws.com\",\"oidc.eks.us-east-1.amazonaws.com/id/FD3865B3EC21DE7225BCC1DF1328C4CA:sub\":[\"system:serviceaccount:default:tacbot-backend\",\"system:serviceaccount:default:tacbot-ai\",\"system:serviceaccount:uat:tacbot-backend-uat\"]}},\"Effect\":\"Allow\",\"Principal\":{\"Federated\":\"arn:aws:iam::992382670521:oidc-provider/oidc.eks.us-east-1.amazonaws.com/id/FD3865B3EC21DE7225BCC1DF1328C4CA\"}}],\"Version\":\"2012-10-17\"}",
            "create_date": "2025-08-01T11:09:17Z",
            "description": "",
            "force_detach_policies": false,
            "id": "eks-role",
            "inline_policy": [],
            "managed_policy_arns": [],
            "max_session_duration": 3600,
            "name": "eks-role",
            "name_prefix": "",
            "path": "/",
            "permissions_boundary": "",
            "tags": {
              "Environment": "prod",
              "Name": "tacbot-eks-role",
              "Owner": "chaithu"
            },
            "tags_all": {
              "Environment": "prod",
              "Name": "tacbot-eks-role",
              "Owner": "chaithu"
            },
            "unique_id": "AROA6ODU5224XGNHI3JZ2"
          },
          "sensitive_attributes": [],
          "identity_schema_version": 0,
          "identity": {
            "account_id": "992382670521",
            "name": "eks-role"
          },
          "private": "bnVsbA=="
        }
      ]
    },
    {
      "module": "module.iam_roles[\"eks-role\"]",
      "mode": "managed",
      "type": "aws_iam_role_policy",
      "name": "inline_policies",
      "provider": "provider[\"registry.terraform.io/hashicorp/aws\"]",
      "instances": [
        {
          "index_key": "eks-policy",
          "schema_version": 0,
          "attributes": {
            "id": "eks-role:eks-policy",
            "name": "eks-policy",
            "name_prefix": "",
            "policy": "{\"Version\":\"2012-10-17\",\"Statement\":[{\"Action\":[\"s3:*\",\"secretsmanager:*\",\"ses:*\"],\"Effect\":\"Allow\",\"Resource\":\"*\",\"Sid\":\"VisualEditor0\"}]}",
            "role": "eks-role"
          },
          "sensitive_attributes": [],
          "identity_schema_version": 0,
          "identity": {
            "account_id": "992382670521",
            "name": "eks-policy",
            "role": "eks-role"
          },
          "private": "bnVsbA==",
          "dependencies": [
            "module.iam_roles.aws_iam_role.this"
          ]
        }
      ]
    },
    {
      "module": "module.iam_roles[\"eks-role\"]",
      "mode": "managed",
      "type": "aws_iam_role_policy_attachment",
      "name": "managed_policies",
      "provider": "provider[\"registry.terraform.io/hashicorp/aws\"]",
      "instances": [
        {
          "index_key": "arn:aws:iam::aws:policy/AmazonEC2FullAccess",
          "schema_version": 0,
          "attributes": {
            "id": "eks-role/arn:aws:iam::aws:policy/AmazonEC2FullAccess",
            "policy_arn": "arn:aws:iam::aws:policy/AmazonEC2FullAccess",
            "role": "eks-role"
          },
          "sensitive_attributes": [],
          "identity_schema_version": 0,
          "identity": {
            "account_id": "992382670521",
            "policy_arn": "arn:aws:iam::aws:policy/AmazonEC2FullAccess",
            "role": "eks-role"
          },
          "private": "bnVsbA==",
          "dependencies": [
            "module.iam_roles.aws_iam_role.this"
          ]
        }
      ]
    },
    {
      "module": "module.iam_roles[\"tacbot-role\"]",
      "mode": "managed",
      "type": "aws_iam_role",
      "name": "this",
      "provider": "provider[\"registry.terraform.io/hashicorp/aws\"]",
      "instances": [
        {
          "schema_version": 0,
          "attributes": {
            "arn": "arn:aws:iam::992382670521:role/eks-oidc-role",
            "assume_role_policy": "{\"Statement\":[{\"Action\":\"sts:AssumeRoleWithWebIdentity\",\"Condition\":{\"StringEquals\":{\"oidc.eks.us-east-1.amazonaws.com/id/FD3865B3EC21DE7225BCC1DF1328C4CA:aud\":\"sts.amazonaws.com\",\"oidc.eks.us-east-1.amazonaws.com/id/FD3865B3EC21DE7225BCC1DF1328C4CA:sub\":[\"system:serviceaccount:default:tacbot-backend\",\"system:serviceaccount:default:tacbot-ai\",\"system:serviceaccount:uat:tacbot-backend-uat\"]}},\"Effect\":\"Allow\",\"Principal\":{\"Federated\":\"arn:aws:iam::992382670521:oidc-provider/oidc.eks.us-east-1.amazonaws.com/id/FD3865B3EC21DE7225BCC1DF1328C4CA\"}}],\"Version\":\"2012-10-17\"}",
            "create_date": "2025-08-01T11:09:17Z",
            "description": "",
            "force_detach_policies": false,
            "id": "eks-oidc-role",
            "inline_policy": [],
            "managed_policy_arns": [],
            "max_session_duration": 3600,
            "name": "eks-oidc-role",
            "name_prefix": "",
            "path": "/",
            "permissions_boundary": "",
            "tags": {
              "Environment": "prod",
              "Name": "tacbot-eks-oidc-role",
              "Owner": "chaithu"
            },
            "tags_all": {
              "Environment": "prod",
              "Name": "tacbot-eks-oidc-role",
              "Owner": "chaithu"
            },
            "unique_id": "AROA6ODU5224TSHVPG5MH"
          },
          "sensitive_attributes": [],
          "identity_schema_version": 0,
          "identity": {
            "account_id": "992382670521",
            "name": "eks-oidc-role"
          },
          "private": "bnVsbA=="
        }
      ]
    },
    {
      "module": "module.iam_roles[\"tacbot-role\"]",
      "mode": "managed",
      "type": "aws_iam_role_policy",
      "name": "inline_policies",
      "provider": "provider[\"registry.terraform.io/hashicorp/aws\"]",
      "instances": [
        {
          "index_key": "tacbot-inline-policy",
          "schema_version": 0,
          "attributes": {
            "id": "eks-oidc-role:tacbot-inline-policy",
            "name": "tacbot-inline-policy",
            "name_prefix": "",
            "policy": "{\"Version\":\"2012-10-17\",\"Statement\":[{\"Action\":[\"secretsmanager:DescribeSecret\",\"s3:*\",\"secretsmanager:PutSecretValue\",\"secretsmanager:CreateSecret\",\"secretsmanager:DeleteSecret\",\"secretsmanager:CancelRotateSecret\",\"secretsmanager:UpdateSecret\",\"secretsmanager:GetSecretValue\",\"secretsmanager:StopReplicationToReplica\",\"secretsmanager:ReplicateSecretToRegions\",\"ses:*\",\"secretsmanager:RestoreSecret\",\"secretsmanager:RotateSecret\",\"secretsmanager:UpdateSecretVersionStage\",\"secretsmanager:RemoveRegionsFromReplication\"],\"Effect\":\"Allow\",\"Resource\":\"*\",\"Sid\":\"VisualEditor0\"}]}",
            "role": "eks-oidc-role"
          },
          "sensitive_attributes": [],
          "identity_schema_version": 0,
          "identity": {
            "account_id": "992382670521",
            "name": "tacbot-inline-policy",
            "role": "eks-oidc-role"
          },
          "private": "bnVsbA==",
          "dependencies": [
            "module.iam_roles.aws_iam_role.this"
          ]
        },
        {
          "index_key": "tacbot-logs-policy",
          "schema_version": 0,
          "attributes": {
            "id": "eks-oidc-role:tacbot-logs-policy",
            "name": "tacbot-logs-policy",
            "name_prefix": "",
            "policy": "{\"Version\":\"2012-10-17\",\"Statement\":[{\"Action\":[\"logs:CreateLogGroup\",\"logs:CreateLogStream\",\"logs:PutLogEvents\"],\"Effect\":\"Allow\",\"Resource\":\"*\",\"Sid\":\"AllowLogs\"}]}",
            "role": "eks-oidc-role"
          },
          "sensitive_attributes": [],
          "identity_schema_version": 0,
          "identity": {
            "account_id": "992382670521",
            "name": "tacbot-logs-policy",
            "role": "eks-oidc-role"
          },
          "private": "bnVsbA==",
          "dependencies": [
            "module.iam_roles.aws_iam_role.this"
          ]
        }
      ]
    },
    {
      "module": "module.iam_roles[\"tacbot-role\"]",
      "mode": "managed",
      "type": "aws_iam_role_policy_attachment",
      "name": "managed_policies",
      "provider": "provider[\"registry.terraform.io/hashicorp/aws\"]",
      "instances": [
        {
          "index_key": "arn:aws:iam::aws:policy/service-role/AWSLambdaBasicExecutionRole",
          "schema_version": 0,
          "attributes": {
            "id": "eks-oidc-role/arn:aws:iam::aws:policy/service-role/AWSLambdaBasicExecutionRole",
            "policy_arn": "arn:aws:iam::aws:policy/service-role/AWSLambdaBasicExecutionRole",
            "role": "eks-oidc-role"
          },
          "sensitive_attributes": [],
          "identity_schema_version": 0,
          "identity": {
            "account_id": "992382670521",
            "policy_arn": "arn:aws:iam::aws:policy/service-role/AWSLambdaBasicExecutionRole",
            "role": "eks-oidc-role"
          },
          "private": "bnVsbA==",
          "dependencies": [
            "module.iam_roles.aws_iam_role.this"
          ]
        }
      ]
    }
  ],
  "check_results": null
}
