{
  "version": 4,
  "terraform_version": "1.12.2",
  "serial": 3,
  "lineage": "c7526e4b-34d1-bc94-76f3-a3325b44e60b",
  "outputs": {
    "kms_key_arn": {
      "value": "arn:aws:kms:ap-south-1:992382670521:key/222dc8bc-105d-4e03-8001-dcca68a438e5",
      "type": "string"
    }
  },
  "resources": [
    {
      "module": "module.kms",
      "mode": "managed",
      "type": "aws_kms_alias",
      "name": "cmk_alias",
      "provider": "provider[\"registry.terraform.io/hashicorp/aws\"]",
      "instances": [
        {
          "schema_version": 0,
          "attributes": {
            "arn": "arn:aws:kms:ap-south-1:992382670521:alias/secrets-key",
            "id": "alias/secrets-key",
            "name": "alias/secrets-key",
            "name_prefix": "",
            "region": "ap-south-1",
            "target_key_arn": "arn:aws:kms:ap-south-1:992382670521:key/222dc8bc-105d-4e03-8001-dcca68a438e5",
            "target_key_id": "222dc8bc-105d-4e03-8001-dcca68a438e5"
          },
          "sensitive_attributes": [],
          "identity_schema_version": 0,
          "private": "bnVsbA==",
          "dependencies": [
            "module.kms.aws_kms_key.cmk"
          ]
        }
      ]
    },
    {
      "module": "module.kms",
      "mode": "managed",
      "type": "aws_kms_key",
      "name": "cmk",
      "provider": "provider[\"registry.terraform.io/hashicorp/aws\"]",
      "instances": [
        {
          "schema_version": 0,
          "attributes": {
            "arn": "arn:aws:kms:ap-south-1:992382670521:key/222dc8bc-105d-4e03-8001-dcca68a438e5",
            "bypass_policy_lockout_safety_check": false,
            "custom_key_store_id": "",
            "customer_master_key_spec": "SYMMETRIC_DEFAULT",
            "deletion_window_in_days": 7,
            "description": "Customer managed key for secrets",
            "enable_key_rotation": true,
            "id": "222dc8bc-105d-4e03-8001-dcca68a438e5",
            "is_enabled": true,
            "key_id": "222dc8bc-105d-4e03-8001-dcca68a438e5",
            "key_usage": "ENCRYPT_DECRYPT",
            "multi_region": false,
            "policy": "{\"Id\":\"key-default-1\",\"Statement\":[{\"Action\":\"kms:*\",\"Effect\":\"Allow\",\"Principal\":{\"AWS\":\"arn:aws:iam::992382670521:root\"},\"Resource\":\"*\",\"Sid\":\"Enable IAM User Permissions\"}],\"Version\":\"2012-10-17\"}",
            "region": "ap-south-1",
            "rotation_period_in_days": 365,
            "tags": {
              "Environment": "dev",
              "Name": "tacbot-kms",
              "Owner": "chaithu",
              "Project": "tacbot"
            },
            "tags_all": {
              "Environment": "dev",
              "Name": "tacbot-kms",
              "Owner": "chaithu",
              "Project": "tacbot"
            },
            "timeouts": null,
            "xks_key_id": ""
          },
          "sensitive_attributes": [],
          "identity_schema_version": 0,
          "private": "eyJlMmJmYjczMC1lY2FhLTExZTYtOGY4OC0zNDM2M2JjN2M0YzAiOnsiY3JlYXRlIjoxMjAwMDAwMDAwMDB9fQ=="
        }
      ]
    }
  ],
  "check_results": null
}
